
Microsoft Visual Studio Solution File, Format Version 12.00
# Visual Studio Version 17
VisualStudioVersion = 17.8.34330.188
MinimumVisualStudioVersion = 10.0.40219.1
Project("{FAE04EC0-301F-11D3-BF4B-00C04F79EFBC}") = "GetreadyProject", "GetreadyProject.csproj", "{16552EB2-C38C-4274-ACB4-5406AC018915}"
EndProject
Global
	GlobalSection(SolutionConfigurationPlatforms) = preSolution
		Debug|Any CPU = Debug|Any CPU
		Release|Any CPU = Release|Any CPU
	EndGlobalSection
	GlobalSection(ProjectConfigurationPlatforms) = postSolution
		{16552EB2-C38C-4274-ACB4-5406AC018915}.Debug|Any CPU.ActiveCfg = Debug|Any CPU
		{16552EB2-C38C-4274-ACB4-5406AC018915}.Debug|Any CPU.Build.0 = Debug|Any CPU
		{16552EB2-C38C-4274-ACB4-5406AC018915}.Release|Any CPU.ActiveCfg = Release|Any CPU
		{16552EB2-C38C-4274-ACB4-5406AC018915}.Release|Any CPU.Build.0 = Release|Any CPU
	EndGlobalSection
	GlobalSection(SolutionProperties) = preSolution
		HideSolutionNode = FALSE
	EndGlobalSection
	GlobalSection(ExtensibilityGlobals) = postSolution
		SolutionGuid = {95B297D7-F3AE-44D6-A811-5BE55631472B}
	EndGlobalSection
EndGlobal
